PODS:
  - KMPlaceholderTextView (1.4.0)
  - lottie-ios (3.0.1)
  - TinyConstraints (3.3.1)

DEPENDENCIES:
  - KMPlaceholderTextView
  - lottie-ios
  - TinyConstraints

SPEC REPOS:
  https://github.com/cocoapods/specs.git:
    - KMPlaceholderTextView
    - lottie-ios
    - TinyConstraints

SPEC CHECKSUMS:
  KMPlaceholderTextView: 2206c3df39979e9396e2d96fa9f427a8951121b0
  lottie-ios: 8477cb83466c00cb4d29966f78d85e64cd9132df
  TinyConstraints: dbf7519aefc01ea59d62244300c7718aec68e280

PODFILE CHECKSUM: 7deee18dcefaea9578483482455aa3b0469bf165

COCOAPODS: 1.5.3
